
Microsoft Visual Studio Solution File, Format Version 12.00
# Visual Studio Version 16
VisualStudioVersion = 16.0.30413.136
MinimumVisualStudioVersion = 10.0.40219.1
Project("{FAE04EC0-301F-11D3-BF4B-00C04F79EFBC}") = "SegundoDiaEstudio", "SegundoDiaEstudio\SegundoDiaEstudio.csproj", "{171350C3-0977-4CF9-8B4C-8D13DFD9FD84}"
EndProject
Global
	GlobalSection(SolutionConfigurationPlatforms) = preSolution
		Debug|Any CPU = Debug|Any CPU
		Release|Any CPU = Release|Any CPU
	EndGlobalSection
	GlobalSection(ProjectConfigurationPlatforms) = postSolution
		{171350C3-0977-4CF9-8B4C-8D13DFD9FD84}.Debug|Any CPU.ActiveCfg = Debug|Any CPU
		{171350C3-0977-4CF9-8B4C-8D13DFD9FD84}.Debug|Any CPU.Build.0 = Debug|Any CPU
		{171350C3-0977-4CF9-8B4C-8D13DFD9FD84}.Release|Any CPU.ActiveCfg = Release|Any CPU
		{171350C3-0977-4CF9-8B4C-8D13DFD9FD84}.Release|Any CPU.Build.0 = Release|Any CPU
	EndGlobalSection
	GlobalSection(SolutionProperties) = preSolution
		HideSolutionNode = FALSE
	EndGlobalSection
	GlobalSection(ExtensibilityGlobals) = postSolution
		SolutionGuid = {FF3FE6D0-3C28-43B6-AA1A-591201DB2CD3}
	EndGlobalSection
EndGlobal
